
Microsoft Visual Studio Solution File, Format Version 12.00
# Visual Studio Version 17
VisualStudioVersion = 17.7.34202.233
MinimumVisualStudioVersion = 10.0.40219.1
Project("{9A19103F-16F7-4668-BE54-9A1E7A4F7556}") = "EntryPoint", "EntryPoint\EntryPoint.csproj", "{66F80EC2-0010-459B-A83B-B7B759EB3070}"
EndProject
Project("{9A19103F-16F7-4668-BE54-9A1E7A4F7556}") = "Service2", "Service2\Service2.csproj", "{E51F129A-80C9-4244-A89B-6BAD588E5DC7}"
EndProject
Project("{9A19103F-16F7-4668-BE54-9A1E7A4F7556}") = "Service3", "Service3\Service3.csproj", "{C990B1B3-94B7-4115-A3DD-362BC36A1952}"
EndProject
Project("{2150E333-8FDC-42A3-9474-1A3956D46DE8}") = "Solution Items", "Solution Items", "{E531C1BA-69F2-4D8E-9E69-15DEB19F5D4B}"
	ProjectSection(SolutionItems) = preProject
		kubernetes.yaml = kubernetes.yaml
	EndProjectSection
EndProject
Global
	GlobalSection(SolutionConfigurationPlatforms) = preSolution
		Debug|Any CPU = Debug|Any CPU
		Release|Any CPU = Release|Any CPU
	EndGlobalSection
	GlobalSection(ProjectConfigurationPlatforms) = postSolution
		{66F80EC2-0010-459B-A83B-B7B759EB3070}.Debug|Any CPU.ActiveCfg = Debug|Any CPU
		{66F80EC2-0010-459B-A83B-B7B759EB3070}.Debug|Any CPU.Build.0 = Debug|Any CPU
		{66F80EC2-0010-459B-A83B-B7B759EB3070}.Release|Any CPU.ActiveCfg = Release|Any CPU
		{66F80EC2-0010-459B-A83B-B7B759EB3070}.Release|Any CPU.Build.0 = Release|Any CPU
		{E51F129A-80C9-4244-A89B-6BAD588E5DC7}.Debug|Any CPU.ActiveCfg = Debug|Any CPU
		{E51F129A-80C9-4244-A89B-6BAD588E5DC7}.Debug|Any CPU.Build.0 = Debug|Any CPU
		{E51F129A-80C9-4244-A89B-6BAD588E5DC7}.Release|Any CPU.ActiveCfg = Release|Any CPU
		{E51F129A-80C9-4244-A89B-6BAD588E5DC7}.Release|Any CPU.Build.0 = Release|Any CPU
		{C990B1B3-94B7-4115-A3DD-362BC36A1952}.Debug|Any CPU.ActiveCfg = Debug|Any CPU
		{C990B1B3-94B7-4115-A3DD-362BC36A1952}.Debug|Any CPU.Build.0 = Debug|Any CPU
		{C990B1B3-94B7-4115-A3DD-362BC36A1952}.Release|Any CPU.ActiveCfg = Release|Any CPU
		{C990B1B3-94B7-4115-A3DD-362BC36A1952}.Release|Any CPU.Build.0 = Release|Any CPU
	EndGlobalSection
	GlobalSection(SolutionProperties) = preSolution
		HideSolutionNode = FALSE
	EndGlobalSection
	GlobalSection(ExtensibilityGlobals) = postSolution
		SolutionGuid = {D841B41D-FE4D-41A8-9535-D85C5375FE2A}
	EndGlobalSection
EndGlobal
