
Microsoft Visual Studio Solution File, Format Version 12.00
# Visual Studio Version 17
VisualStudioVersion = 17.4.33213.308
MinimumVisualStudioVersion = 10.0.40219.1
Project("{9A19103F-16F7-4668-BE54-9A1E7A4F7556}") = "SampleWeb.MiscApi", "SampleWeb.MiscApi\SampleWeb.MiscApi.csproj", "{313CA7ED-6CD1-4CBD-B1D4-49AF17A4E6B5}"
EndProject
Project("{FAE04EC0-301F-11D3-BF4B-00C04F79EFBC}") = "SampleWeb.MiscAuth", "SampleWeb.MiscAuth\SampleWeb.MiscAuth.csproj", "{BA6E4FD4-587B-4273-B41A-7DFEBE16CE3A}"
EndProject
Global
	GlobalSection(SolutionConfigurationPlatforms) = preSolution
		Debug|Any CPU = Debug|Any CPU
		Release|Any CPU = Release|Any CPU
	EndGlobalSection
	GlobalSection(ProjectConfigurationPlatforms) = postSolution
		{313CA7ED-6CD1-4CBD-B1D4-49AF17A4E6B5}.Debug|Any CPU.ActiveCfg = Debug|Any CPU
		{313CA7ED-6CD1-4CBD-B1D4-49AF17A4E6B5}.Debug|Any CPU.Build.0 = Debug|Any CPU
		{313CA7ED-6CD1-4CBD-B1D4-49AF17A4E6B5}.Release|Any CPU.ActiveCfg = Release|Any CPU
		{313CA7ED-6CD1-4CBD-B1D4-49AF17A4E6B5}.Release|Any CPU.Build.0 = Release|Any CPU
		{BA6E4FD4-587B-4273-B41A-7DFEBE16CE3A}.Debug|Any CPU.ActiveCfg = Debug|Any CPU
		{BA6E4FD4-587B-4273-B41A-7DFEBE16CE3A}.Debug|Any CPU.Build.0 = Debug|Any CPU
		{BA6E4FD4-587B-4273-B41A-7DFEBE16CE3A}.Release|Any CPU.ActiveCfg = Release|Any CPU
		{BA6E4FD4-587B-4273-B41A-7DFEBE16CE3A}.Release|Any CPU.Build.0 = Release|Any CPU
	EndGlobalSection
	GlobalSection(SolutionProperties) = preSolution
		HideSolutionNode = FALSE
	EndGlobalSection
	GlobalSection(ExtensibilityGlobals) = postSolution
		SolutionGuid = {43991160-CCA8-4BED-9501-4322A4FA70B1}
	EndGlobalSection
EndGlobal
